version: 6
environments:
  default:
    channels:
    - url: https://conda.anaconda.org/conda-forge/
    packages:
      win-64:
      - conda: https://conda.anaconda.org/conda-forge/noarch/altgraph-0.17.4-pyhd8ed1ab_1.conda
      - conda: https://conda.anaconda.org/conda-forge/win-64/bzip2-1.0.8-h2466b09_7.conda
      - conda: https://conda.anaconda.org/conda-forge/win-64/ca-certificates-2025.1.31-h56e8100_0.conda
      - conda: https://conda.anaconda.org/conda-forge/win-64/cairo-1.18.2-h5782bbf_1.conda
      - conda: https://conda.anaconda.org/conda-forge/win-64/double-conversion-3.3.0-h63175ca_0.conda
      - conda: https://conda.anaconda.org/conda-forge/noarch/font-ttf-dejavu-sans-mono-2.37-hab24e00_0.tar.bz2
      - conda: https://conda.anaconda.org/conda-forge/noarch/font-ttf-inconsolata-3.000-h77eed37_0.tar.bz2
      - conda: https://conda.anaconda.org/conda-forge/noarch/font-ttf-source-code-pro-2.038-h77eed37_0.tar.bz2
      - conda: https://conda.anaconda.org/conda-forge/noarch/font-ttf-ubuntu-0.83-h77eed37_3.conda
      - conda: https://conda.anaconda.org/conda-forge/win-64/fontconfig-2.15.0-h765892d_1.conda
      - conda: https://conda.anaconda.org/conda-forge/noarch/fonts-conda-ecosystem-1-0.tar.bz2
      - conda: https://conda.anaconda.org/conda-forge/noarch/fonts-conda-forge-1-0.tar.bz2
      - conda: https://conda.anaconda.org/conda-forge/win-64/freetype-2.12.1-hdaf720e_2.conda
      - conda: https://conda.anaconda.org/conda-forge/noarch/future-1.0.0-pyhd8ed1ab_1.conda
      - conda: https://conda.anaconda.org/conda-forge/win-64/graphite2-1.3.13-h63175ca_1003.conda
      - conda: https://conda.anaconda.org/conda-forge/win-64/harfbuzz-10.2.0-h885c0d4_0.conda
      - conda: https://conda.anaconda.org/conda-forge/win-64/icu-75.1-he0c23c2_0.conda
      - conda: https://conda.anaconda.org/conda-forge/noarch/importlib-metadata-8.6.1-pyha770c72_0.conda
      - conda: https://conda.anaconda.org/conda-forge/win-64/krb5-1.21.3-hdf4eb48_0.conda
      - conda: https://conda.anaconda.org/conda-forge/win-64/lerc-4.0.0-h63175ca_0.tar.bz2
      - conda: https://conda.anaconda.org/conda-forge/win-64/libclang13-19.1.7-default_ha5278ca_1.conda
      - conda: https://conda.anaconda.org/conda-forge/win-64/libdeflate-1.23-h9062f6e_0.conda
      - conda: https://conda.anaconda.org/conda-forge/win-64/libexpat-2.6.4-he0c23c2_0.conda
      - conda: https://conda.anaconda.org/conda-forge/win-64/libffi-3.4.2-h8ffe710_5.tar.bz2
      - conda: https://conda.anaconda.org/conda-forge/win-64/libglib-2.82.2-h7025463_1.conda
      - conda: https://conda.anaconda.org/conda-forge/win-64/libiconv-1.17-hcfcfb64_2.conda
      - conda: https://conda.anaconda.org/conda-forge/win-64/libintl-0.22.5-h5728263_3.conda
      - conda: https://conda.anaconda.org/conda-forge/win-64/libjpeg-turbo-3.0.0-hcfcfb64_1.conda
      - conda: https://conda.anaconda.org/conda-forge/win-64/liblzma-5.6.3-h2466b09_1.conda
      - conda: https://conda.anaconda.org/conda-forge/win-64/libpng-1.6.46-had7236b_0.conda
      - conda: https://conda.anaconda.org/conda-forge/win-64/libsqlite-3.48.0-h67fdade_1.conda
      - conda: https://conda.anaconda.org/conda-forge/win-64/libtiff-4.7.0-h797046b_3.conda
      - conda: https://conda.anaconda.org/conda-forge/win-64/libwebp-base-1.5.0-h3b0e114_0.conda
      - conda: https://conda.anaconda.org/conda-forge/win-64/libxml2-2.13.5-he286e8c_1.conda
      - conda: https://conda.anaconda.org/conda-forge/win-64/libxslt-1.1.39-h3df6e99_0.conda
      - conda: https://conda.anaconda.org/conda-forge/win-64/libzlib-1.3.1-h2466b09_2.conda
      - conda: https://conda.anaconda.org/conda-forge/win-64/openssl-3.4.0-ha4e3fda_1.conda
      - conda: https://conda.anaconda.org/conda-forge/noarch/packaging-24.2-pyhd8ed1ab_2.conda
      - conda: https://conda.anaconda.org/conda-forge/win-64/pcre2-10.44-h3d7b363_2.conda
      - conda: https://conda.anaconda.org/conda-forge/noarch/pefile-2023.2.7-pyhd8ed1ab_0.conda
      - conda: https://conda.anaconda.org/conda-forge/win-64/pixman-0.44.2-had0cd8c_0.conda
      - conda: https://conda.anaconda.org/conda-forge/win-64/pyinstaller-6.11.1-py312h42d2eef_0.conda
      - conda: https://conda.anaconda.org/conda-forge/noarch/pyinstaller-hooks-contrib-2025.0-pyhd8ed1ab_0.conda
      - conda: https://conda.anaconda.org/conda-forge/win-64/pyside6-6.8.1-py312h2ee7485_0.conda
      - conda: https://conda.anaconda.org/conda-forge/win-64/python-3.12.8-h3f84c4b_1_cpython.conda
      - conda: https://conda.anaconda.org/conda-forge/win-64/python_abi-3.12-5_cp312.conda
      - conda: https://conda.anaconda.org/conda-forge/win-64/pywin32-307-py312h275cf98_3.conda
      - conda: https://conda.anaconda.org/conda-forge/win-64/pywin32-ctypes-0.2.3-py312h2e8e312_1.conda
      - conda: https://conda.anaconda.org/conda-forge/win-64/qt6-main-6.8.1-h1259614_2.conda
      - conda: https://conda.anaconda.org/conda-forge/noarch/setuptools-75.8.0-pyhff2d567_0.conda
      - conda: https://conda.anaconda.org/conda-forge/win-64/tk-8.6.13-h5226925_1.conda
      - conda: https://conda.anaconda.org/conda-forge/noarch/tzdata-2025a-h78e105d_0.conda
      - conda: https://conda.anaconda.org/conda-forge/win-64/ucrt-10.0.22621.0-h57928b3_1.conda
      - conda: https://conda.anaconda.org/conda-forge/win-64/vc-14.3-h5fd82a7_24.conda
      - conda: https://conda.anaconda.org/conda-forge/win-64/vc14_runtime-14.42.34433-h6356254_24.conda
      - conda: https://conda.anaconda.org/conda-forge/win-64/vs2015_runtime-14.42.34433-hfef2bbc_24.conda
      - conda: https://conda.anaconda.org/conda-forge/noarch/zipp-3.21.0-pyhd8ed1ab_1.conda
      - conda: https://conda.anaconda.org/conda-forge/win-64/zstd-1.5.6-h0ea2cb4_0.conda
packages:
- conda: https://conda.anaconda.org/conda-forge/noarch/altgraph-0.17.4-pyhd8ed1ab_1.conda
  sha256: a126d5a7ea6cee0c4fceb3336104712413d41a7c3ac530446e5f88a5b1d0dd26
  md5: 4e1bdf23a49ab6d58518a27fef9c1abf
  depends:
  - python >=3.9
  - setuptools
  license: MIT
  license_family: MIT
  size: 24109
  timestamp: 1734870643798
- conda: https://conda.anaconda.org/conda-forge/win-64/bzip2-1.0.8-h2466b09_7.conda
  sha256: 35a5dad92e88fdd7fc405e864ec239486f4f31eec229e31686e61a140a8e573b
  md5: 276e7ffe9ffe39688abc665ef0f45596
  depends:
  - ucrt >=10.0.20348.0
  - vc >=14.2,<15
  - vc14_runtime >=14.29.30139
  license: bzip2-1.0.6
  license_family: BSD
  size: 54927
  timestamp: 1720974860185
- conda: https://conda.anaconda.org/conda-forge/win-64/ca-certificates-2025.1.31-h56e8100_0.conda
  sha256: 1bedccdf25a3bd782d6b0e57ddd97cdcda5501716009f2de4479a779221df155
  md5: 5304a31607974dfc2110dfbb662ed092
  license: ISC
  size: 158690
  timestamp: 1738298232550
- conda: https://conda.anaconda.org/conda-forge/win-64/cairo-1.18.2-h5782bbf_1.conda
  sha256: 86fb783e19f7c46ad781d853b650f4cef1c3f2b1b07dd112afe1fc278bc73020
  md5: 63ff2bf400dde4fad0bed56debee5c16
  depends:
  - fontconfig >=2.15.0,<3.0a0
  - fonts-conda-ecosystem
  - freetype >=2.12.1,<3.0a0
  - icu >=75.1,<76.0a0
  - libexpat >=2.6.4,<3.0a0
  - libglib >=2.82.2,<3.0a0
  - libpng >=1.6.44,<1.7.0a0
  - libzlib >=1.3.1,<2.0a0
  - pixman >=0.44.2,<1.0a0
  - ucrt >=10.0.20348.0
  - vc >=14.2,<15
  - vc14_runtime >=14.29.30139
  license: LGPL-2.1-only or MPL-1.1
  size: 1515969
  timestamp: 1733791355894
- conda: https://conda.anaconda.org/conda-forge/win-64/double-conversion-3.3.0-h63175ca_0.conda
  sha256: 735d40b44a0f39386d1e2988384b6d78a98efd4fa1818e7f2f6fb01f91e16b64
  md5: 1a8bc18b24014167b2184c5afbe6037e
  depends:
  - ucrt >=10.0.20348.0
  - vc >=14.2,<15
  - vc14_runtime >=14.29.30139
  license: BSD-3-Clause
  license_family: BSD
  size: 70425
  timestamp: 1686490368655
- conda: https://conda.anaconda.org/conda-forge/noarch/font-ttf-dejavu-sans-mono-2.37-hab24e00_0.tar.bz2
  sha256: 58d7f40d2940dd0a8aa28651239adbf5613254df0f75789919c4e6762054403b
  md5: 0c96522c6bdaed4b1566d11387caaf45
  license: BSD-3-Clause
  license_family: BSD
  size: 397370
  timestamp: 1566932522327
- conda: https://conda.anaconda.org/conda-forge/noarch/font-ttf-inconsolata-3.000-h77eed37_0.tar.bz2
  sha256: c52a29fdac682c20d252facc50f01e7c2e7ceac52aa9817aaf0bb83f7559ec5c
  md5: 34893075a5c9e55cdafac56607368fc6
  license: OFL-1.1
  license_family: Other
  size: 96530
  timestamp: 1620479909603
- conda: https://conda.anaconda.org/conda-forge/noarch/font-ttf-source-code-pro-2.038-h77eed37_0.tar.bz2
  sha256: 00925c8c055a2275614b4d983e1df637245e19058d79fc7dd1a93b8d9fb4b139
  md5: 4d59c254e01d9cde7957100457e2d5fb
  license: OFL-1.1
  license_family: Other
  size: 700814
  timestamp: 1620479612257
- conda: https://conda.anaconda.org/conda-forge/noarch/font-ttf-ubuntu-0.83-h77eed37_3.conda
  sha256: 2821ec1dc454bd8b9a31d0ed22a7ce22422c0aef163c59f49dfdf915d0f0ca14
  md5: 49023d73832ef61042f6a237cb2687e7
  license: LicenseRef-Ubuntu-Font-Licence-Version-1.0
  license_family: Other
  size: 1620504
  timestamp: 1727511233259
- conda: https://conda.anaconda.org/conda-forge/win-64/fontconfig-2.15.0-h765892d_1.conda
  sha256: ed122fc858fb95768ca9ca77e73c8d9ddc21d4b2e13aaab5281e27593e840691
  md5: 9bb0026a2131b09404c59c4290c697cd
  depends:
  - freetype >=2.12.1,<3.0a0
  - libexpat >=2.6.3,<3.0a0
  - libiconv >=1.17,<2.0a0
  - libzlib >=1.3.1,<2.0a0
  - ucrt >=10.0.20348.0
  - vc >=14.2,<15
  - vc14_runtime >=14.29.30139
  license: MIT
  license_family: MIT
  size: 192355
  timestamp: 1730284147944
- conda: https://conda.anaconda.org/conda-forge/noarch/fonts-conda-ecosystem-1-0.tar.bz2
  sha256: a997f2f1921bb9c9d76e6fa2f6b408b7fa549edd349a77639c9fe7a23ea93e61
  md5: fee5683a3f04bd15cbd8318b096a27ab
  depends:
  - fonts-conda-forge
  license: BSD-3-Clause
  license_family: BSD
  size: 3667
  timestamp: 1566974674465
- conda: https://conda.anaconda.org/conda-forge/noarch/fonts-conda-forge-1-0.tar.bz2
  sha256: 53f23a3319466053818540bcdf2091f253cbdbab1e0e9ae7b9e509dcaa2a5e38
  md5: f766549260d6815b0c52253f1fb1bb29
  depends:
  - font-ttf-dejavu-sans-mono
  - font-ttf-inconsolata
  - font-ttf-source-code-pro
  - font-ttf-ubuntu
  license: BSD-3-Clause
  license_family: BSD
  size: 4102
  timestamp: 1566932280397
- conda: https://conda.anaconda.org/conda-forge/win-64/freetype-2.12.1-hdaf720e_2.conda
  sha256: 2c53ee8879e05e149a9e525481d36adfd660a6abda26fd731376fa64ff03e728
  md5: 3761b23693f768dc75a8fd0a73ca053f
  depends:
  - libpng >=1.6.39,<1.7.0a0
  - libzlib >=1.2.13,<2.0.0a0
  - ucrt >=10.0.20348.0
  - vc >=14.2,<15
  - vc14_runtime >=14.29.30139
  license: GPL-2.0-only OR FTL
  size: 510306
  timestamp: 1694616398888
- conda: https://conda.anaconda.org/conda-forge/noarch/future-1.0.0-pyhd8ed1ab_1.conda
  sha256: 8af9609ae02895c7550965eee8d3f0e3a0dd2882397693bc6f0798f37e4c9333
  md5: e75df25fe5ddec19b2f6ac8dfd33b838
  depends:
  - python >=3.9
  license: MIT
  license_family: MIT
  size: 364332
  timestamp: 1733754369278
- conda: https://conda.anaconda.org/conda-forge/win-64/graphite2-1.3.13-h63175ca_1003.conda
  sha256: 25040a4f371b9b51663f546bac620122c237fa1d5d32968e21b0751af9b7f56f
  md5: 3194499ee7d1a67404a87d0eefdd92c6
  depends:
  - ucrt >=10.0.20348.0
  - vc >=14.2,<15
  - vc14_runtime >=14.29.30139
  license: LGPL-2.0-or-later
  license_family: LGPL
  size: 95406
  timestamp: 1711634622644
- conda: https://conda.anaconda.org/conda-forge/win-64/harfbuzz-10.2.0-h885c0d4_0.conda
  sha256: d366a5a6da75254e912f90a342af909e8eeeb306613e09f164bc30139b73c5e5
  md5: faaf912396cba72bd54c8b3772944ab7
  depends:
  - cairo >=1.18.2,<2.0a0
  - freetype >=2.12.1,<3.0a0
  - graphite2
  - icu >=75.1,<76.0a0
  - libexpat >=2.6.4,<3.0a0
  - libglib >=2.82.2,<3.0a0
  - libzlib >=1.3.1,<2.0a0
  - ucrt >=10.0.20348.0
  - vc >=14.2,<15
  - vc14_runtime >=14.29.30139
  license: MIT
  license_family: MIT
  size: 1103154
  timestamp: 1736704125064
- conda: https://conda.anaconda.org/conda-forge/win-64/icu-75.1-he0c23c2_0.conda
  sha256: 1d04369a1860a1e9e371b9fc82dd0092b616adcf057d6c88371856669280e920
  md5: 8579b6bb8d18be7c0b27fb08adeeeb40
  depends:
  - ucrt >=10.0.20348.0
  - vc >=14.2,<15
  - vc14_runtime >=14.29.30139
  license: MIT
  license_family: MIT
  size: 14544252
  timestamp: 1720853966338
- conda: https://conda.anaconda.org/conda-forge/noarch/importlib-metadata-8.6.1-pyha770c72_0.conda
  sha256: 598951ebdb23e25e4cec4bbff0ae369cec65ead80b50bc08b441d8e54de5cf03
  md5: f4b39bf00c69f56ac01e020ebfac066c
  depends:
  - python >=3.9
  - zipp >=0.5
  license: Apache-2.0
  license_family: APACHE
  size: 29141
  timestamp: 1737420302391
- conda: https://conda.anaconda.org/conda-forge/win-64/krb5-1.21.3-hdf4eb48_0.conda
  sha256: 18e8b3430d7d232dad132f574268f56b3eb1a19431d6d5de8c53c29e6c18fa81
  md5: 31aec030344e962fbd7dbbbbd68e60a9
  depends:
  - openssl >=3.3.1,<4.0a0
  - ucrt >=10.0.20348.0
  - vc >=14.2,<15
  - vc14_runtime >=14.29.30139
  license: MIT
  license_family: MIT
  size: 712034
  timestamp: 1719463874284
- conda: https://conda.anaconda.org/conda-forge/win-64/lerc-4.0.0-h63175ca_0.tar.bz2
  sha256: f4f39d7f6a2f9b407f8fb567a6c25755270421731d70f0ff331f5de4fa367488
  md5: 1900cb3cab5055833cfddb0ba233b074
  depends:
  - vc >=14.2,<15
  - vs2015_runtime >=14.29.30037
  license: Apache-2.0
  license_family: Apache
  size: 194365
  timestamp: 1657977692274
- conda: https://conda.anaconda.org/conda-forge/win-64/libclang13-19.1.7-default_ha5278ca_1.conda
  sha256: 9b463d9d5e27ca99afe9e49c2ebda4b88687a8f45596a5a7b310e04197ca07e1
  md5: 9b1f1d408bea019772a06be7719a58c0
  depends:
  - libzlib >=1.3.1,<2.0a0
  - ucrt >=10.0.20348.0
  - vc >=14.2,<15
  - vc14_runtime >=14.29.30139
  - zstd >=1.5.6,<1.6.0a0
  license: Apache-2.0 WITH LLVM-exception
  license_family: Apache
  size: 26758168
  timestamp: 1737787305968
- conda: https://conda.anaconda.org/conda-forge/win-64/libdeflate-1.23-h9062f6e_0.conda
  sha256: 96c47725a8258159295996ea2758fa0ff9bea330e72b59641642e16be8427ce8
  md5: a9624935147a25b06013099d3038e467
  depends:
  - ucrt >=10.0.20348.0
  - vc >=14.2,<15
  - vc14_runtime >=14.29.30139
  license: MIT
  license_family: MIT
  size: 155723
  timestamp: 1734374084110
- conda: https://conda.anaconda.org/conda-forge/win-64/libexpat-2.6.4-he0c23c2_0.conda
  sha256: 0c0447bf20d1013d5603499de93a16b6faa92d7ead870d96305c0f065b6a5a12
  md5: eb383771c680aa792feb529eaf9df82f
  depends:
  - ucrt >=10.0.20348.0
  - vc >=14.2,<15
  - vc14_runtime >=14.29.30139
  constrains:
  - expat 2.6.4.*
  license: MIT
  license_family: MIT
  size: 139068
  timestamp: 1730967442102
- conda: https://conda.anaconda.org/conda-forge/win-64/libffi-3.4.2-h8ffe710_5.tar.bz2
  sha256: 1951ab740f80660e9bc07d2ed3aefb874d78c107264fd810f24a1a6211d4b1a5
  md5: 2c96d1b6915b408893f9472569dee135
  depends:
  - vc >=14.1,<15.0a0
  - vs2015_runtime >=14.16.27012
  license: MIT
  license_family: MIT
  size: 42063
  timestamp: 1636489106777
- conda: https://conda.anaconda.org/conda-forge/win-64/libglib-2.82.2-h7025463_1.conda
  sha256: 77c4e6af9cc4e966a5100f48378ea3fb4ab7ed913f24af9217cc3a43242d65d5
  md5: 40596e78a77327f271acea904efdc911
  depends:
  - libffi >=3.4,<4.0a0
  - libiconv >=1.17,<2.0a0
  - libintl >=0.22.5,<1.0a0
  - libzlib >=1.3.1,<2.0a0
  - pcre2 >=10.44,<10.45.0a0
  - ucrt >=10.0.20348.0
  - vc >=14.2,<15
  - vc14_runtime >=14.29.30139
  constrains:
  - glib 2.82.2 *_1
  license: LGPL-2.1-or-later
  size: 3783933
  timestamp: 1737038122172
- conda: https://conda.anaconda.org/conda-forge/win-64/libiconv-1.17-hcfcfb64_2.conda
  sha256: 5f844dd19b046d43174ad80c6ea75b5d504020e3b63cfbc4ace97b8730d35c7b
  md5: e1eb10b1cca179f2baa3601e4efc8712
  depends:
  - ucrt >=10.0.20348.0
  - vc >=14.2,<15
  - vc14_runtime >=14.29.30139
  license: LGPL-2.1-only
  size: 636146
  timestamp: 1702682547199
- conda: https://conda.anaconda.org/conda-forge/win-64/libintl-0.22.5-h5728263_3.conda
  sha256: c7e4600f28bcada8ea81456a6530c2329312519efcf0c886030ada38976b0511
  md5: 2cf0cf76cc15d360dfa2f17fd6cf9772
  depends:
  - libiconv >=1.17,<2.0a0
  license: LGPL-2.1-or-later
  size: 95568
  timestamp: 1723629479451
- conda: https://conda.anaconda.org/conda-forge/win-64/libjpeg-turbo-3.0.0-hcfcfb64_1.conda
  sha256: 4e7808e3098b4b4ed7e287f63bb24f9045cc4d95bfd39f0db870fc2837d74dff
  md5: 3f1b948619c45b1ca714d60c7389092c
  depends:
  - ucrt >=10.0.20348.0
  - vc >=14.2,<15
  - vc14_runtime >=14.29.30139
  constrains:
  - jpeg <0.0.0a
  license: IJG AND BSD-3-Clause AND Zlib
  size: 822966
  timestamp: 1694475223854
- conda: https://conda.anaconda.org/conda-forge/win-64/liblzma-5.6.3-h2466b09_1.conda
  sha256: 24d04bd55adfa44c421c99ce169df38cb1ad2bba5f43151bc847fc802496a1fa
  md5: 015b9c0bd1eef60729ab577a38aaf0b5
  depends:
  - ucrt >=10.0.20348.0
  - vc >=14.2,<15
  - vc14_runtime >=14.29.30139
  constrains:
  - xz ==5.6.3=*_1
  license: 0BSD
  size: 104332
  timestamp: 1733407872569
- conda: https://conda.anaconda.org/conda-forge/win-64/libpng-1.6.46-had7236b_0.conda
  sha256: c866cd79dce3f6478fa3b4bc625d5cbe0512720fd6f8d45718da9537292329cf
  md5: 4ddc2d65b35403e6ed75545f4cb4ec98
  depends:
  - libzlib >=1.3.1,<2.0a0
  - ucrt >=10.0.20348.0
  - vc >=14.2,<15
  - vc14_runtime >=14.29.30139
  license: zlib-acknowledgement
  size: 356357
  timestamp: 1737791350471
- conda: https://conda.anaconda.org/conda-forge/win-64/libsqlite-3.48.0-h67fdade_1.conda
  sha256: eb889b9ea754d30268fa740f91e62fae6c30ca40f9769051dd42390d2470a7ff
  md5: 5a7a8f7f68ce1bdb7b58219786436f30
  depends:
  - ucrt >=10.0.20348.0
  - vc >=14.2,<15
  - vc14_runtime >=14.29.30139
  license: Unlicense
  size: 897026
  timestamp: 1737565547561
- conda: https://conda.anaconda.org/conda-forge/win-64/libtiff-4.7.0-h797046b_3.conda
  sha256: c363a8baba4ce12b8f01f0ab74fe8b0dc83facd89c6604f4a191084923682768
  md5: defed79ff7a9164ad40320e3f116a138
  depends:
  - lerc >=4.0.0,<5.0a0
  - libdeflate >=1.23,<1.24.0a0
  - libjpeg-turbo >=3.0.0,<4.0a0
  - liblzma >=5.6.3,<6.0a0
  - libzlib >=1.3.1,<2.0a0
  - ucrt >=10.0.20348.0
  - vc >=14.2,<15
  - vc14_runtime >=14.29.30139
  - zstd >=1.5.6,<1.6.0a0
  license: HPND
  size: 978878
  timestamp: 1734399004259
- conda: https://conda.anaconda.org/conda-forge/win-64/libwebp-base-1.5.0-h3b0e114_0.conda
  sha256: 1d75274614e83a5750b8b94f7bad2fc0564c2312ff407e697d99152ed095576f
  md5: 33f7313967072c6e6d8f865f5493c7ae
  depends:
  - ucrt >=10.0.20348.0
  - vc >=14.2,<15
  - vc14_runtime >=14.29.30139
  constrains:
  - libwebp 1.5.0
  license: BSD-3-Clause
  license_family: BSD
  size: 273661
  timestamp: 1734777665516
- conda: https://conda.anaconda.org/conda-forge/win-64/libxml2-2.13.5-he286e8c_1.conda
  sha256: 084dd4dde342f13c43ee418d153ac5b2610f95be029073a15fa9dda22b130d06
  md5: 77eaa84f90fc90643c5a0be0aa9bdd1b
  depends:
  - libiconv >=1.17,<2.0a0
  - libzlib >=1.3.1,<2.0a0
  - ucrt >=10.0.20348.0
  - vc >=14.2,<15
  - vc14_runtime >=14.29.30139
  license: MIT
  license_family: MIT
  size: 1612294
  timestamp: 1733443909984
- conda: https://conda.anaconda.org/conda-forge/win-64/libxslt-1.1.39-h3df6e99_0.conda
  sha256: 6e3d99466d2076c35e7ac8dcdfe604da3d593f55b74a5b8e96c2b2ff63c247aa
  md5: 279ee338c9b34871d578cb3c7aa68f70
  depends:
  - libxml2 >=2.12.1,<3.0.0a0
  - ucrt >=10.0.20348.0
  - vc >=14.2,<15
  - vc14_runtime >=14.29.30139
  license: MIT
  license_family: MIT
  size: 418542
  timestamp: 1701629338549
- conda: https://conda.anaconda.org/conda-forge/win-64/libzlib-1.3.1-h2466b09_2.conda
  sha256: ba945c6493449bed0e6e29883c4943817f7c79cbff52b83360f7b341277c6402
  md5: 41fbfac52c601159df6c01f875de31b9
  depends:
  - ucrt >=10.0.20348.0
  - vc >=14.2,<15
  - vc14_runtime >=14.29.30139
  constrains:
  - zlib 1.3.1 *_2
  license: Zlib
  license_family: Other
  size: 55476
  timestamp: 1727963768015
- conda: https://conda.anaconda.org/conda-forge/win-64/openssl-3.4.0-ha4e3fda_1.conda
  sha256: 519a06eaab7c878fbebb8cab98ea4a4465eafb1e9ed8c6ce67226068a80a92f0
  md5: fb45308ba8bfe1abf1f4a27bad24a743
  depends:
  - ca-certificates
  - ucrt >=10.0.20348.0
  - vc >=14.2,<15
  - vc14_runtime >=14.29.30139
  license: Apache-2.0
  license_family: Apache
  size: 8462960
  timestamp: 1736088436984
- conda: https://conda.anaconda.org/conda-forge/noarch/packaging-24.2-pyhd8ed1ab_2.conda
  sha256: da157b19bcd398b9804c5c52fc000fcb8ab0525bdb9c70f95beaa0bb42f85af1
  md5: 3bfed7e6228ebf2f7b9eaa47f1b4e2aa
  depends:
  - python >=3.8
  license: Apache-2.0
  license_family: APACHE
  size: 60164
  timestamp: 1733203368787
- conda: https://conda.anaconda.org/conda-forge/win-64/pcre2-10.44-h3d7b363_2.conda
  sha256: f4a12cbf8a7c5bfa2592b9dc92b492c438781898e5b02f397979b0be6e1b5851
  md5: a3a3baddcfb8c80db84bec3cb7746fb8
  depends:
  - bzip2 >=1.0.8,<2.0a0
  - libzlib >=1.3.1,<2.0a0
  - ucrt >=10.0.20348.0
  - vc >=14.2,<15
  - vc14_runtime >=14.29.30139
  license: BSD-3-Clause
  license_family: BSD
  size: 820831
  timestamp: 1723489427046
- conda: https://conda.anaconda.org/conda-forge/noarch/pefile-2023.2.7-pyhd8ed1ab_0.conda
  sha256: 136aff687229403bc8f8829ed0cf1ab30ad88f6bcd1dfc25e8b14b13344440f2
  md5: 0ed15c3f3065806423dc1c76918bb304
  depends:
  - future
  - python >=3.6
  license: MIT
  license_family: MIT
  size: 66610
  timestamp: 1675867719479
- conda: https://conda.anaconda.org/conda-forge/win-64/pixman-0.44.2-had0cd8c_0.conda
  sha256: 6648bd6e050f37c062ced1bbd4201dee617c3dacda1fc3a0de70335cf736f11b
  md5: c720ac9a3bd825bf8b4dc7523ea49be4
  depends:
  - ucrt >=10.0.20348.0
  - vc >=14.2,<15
  - vc14_runtime >=14.29.30139
  license: MIT
  license_family: MIT
  size: 455582
  timestamp: 1733699458861
- conda: https://conda.anaconda.org/conda-forge/win-64/pyinstaller-6.11.1-py312h42d2eef_0.conda
  sha256: 383bf315d0c0ca466090070e2b9b31a53f944dcdc93d67f4eb2260589152cef8
  md5: 20faf9050ecca1ecafd706dfcf31d43e
  depends:
  - altgraph
  - libzlib >=1.3.1,<2.0a0
  - packaging >=22.0
  - pefile >=2022.5.30,!=2024.8.26
  - pyinstaller-hooks-contrib >=2024.8
  - python >=3.12,<3.13.0a0
  - python_abi 3.12.* *_cp312
  - pywin32
  - pywin32-ctypes >=0.2.1
  - setuptools >=42.0.0
  - ucrt >=10.0.20348.0
  - vc >=14.2,<15
  - vc14_runtime >=14.29.30139
  arch: x86_64
  platform: win
  license: GPL-2.0-or-later WITH Bootloader-exception
  license_family: GPL
  size: 1700625
  timestamp: 1731281267178
- conda: https://conda.anaconda.org/conda-forge/noarch/pyinstaller-hooks-contrib-2025.0-pyhd8ed1ab_0.conda
  sha256: 3a4f7c165c74defe31a68ac0ae0d4d67556b1e28b5d0ad6bfe6741cccb9a6ed7
  md5: 63448de64fb761b218e928a96e78d247
  depends:
  - importlib-metadata >=4.6
  - packaging >=22.0
  - python >=3.7
  - setuptools >=42.0.0
  license: Apache-2.0 OR GPL-2.0-or-later
  size: 137793
  timestamp: 1737063738799
- conda: https://conda.anaconda.org/conda-forge/win-64/pyside6-6.8.1-py312h2ee7485_0.conda
  sha256: 36fe7a6a40d47794a6f97dbed2e94eca957a1bd9d86aac7b269a9ac9a2289b01
  md5: 02e659cf04c4bc2935a227be10898e62
  depends:
  - libclang13 >=19.1.5
  - libxml2 >=2.13.5,<3.0a0
  - libxslt >=1.1.39,<2.0a0
  - python >=3.12,<3.13.0a0
  - python_abi 3.12.* *_cp312
  - qt6-main 6.8.1.*
  - qt6-main >=6.8.1,<6.9.0a0
  - ucrt >=10.0.20348.0
  - vc >=14.2,<15
  - vc14_runtime >=14.29.30139
  arch: x86_64
  platform: win
  license: LGPL-3.0-only
  license_family: LGPL
  size: 9771151
  timestamp: 1734099528795
- conda: https://conda.anaconda.org/conda-forge/win-64/python-3.12.8-h3f84c4b_1_cpython.conda
  build_number: 1
  sha256: e1b37a398b3e2ea363de7cff6706e5ec2a5eb36b211132150e8601d7afd8f3aa
  md5: 8cd0693344796fb32087185fca16f4cc
  depends:
  - bzip2 >=1.0.8,<2.0a0
  - libexpat >=2.6.4,<3.0a0
  - libffi >=3.4,<4.0a0
  - liblzma >=5.6.3,<6.0a0
  - libsqlite >=3.47.0,<4.0a0
  - libzlib >=1.3.1,<2.0a0
  - openssl >=3.4.0,<4.0a0
  - tk >=8.6.13,<8.7.0a0
  - tzdata
  - ucrt >=10.0.20348.0
  - vc >=14.2,<15
  - vc14_runtime >=14.29.30139
  constrains:
  - python_abi 3.12.* *_cp312
  arch: x86_64
  platform: win
  license: Python-2.0
  size: 15812363
  timestamp: 1733408080064
- conda: https://conda.anaconda.org/conda-forge/win-64/python_abi-3.12-5_cp312.conda
  build_number: 5
  sha256: 9486662af81a219e96d343449eff242f38d7c5128ced5ce5acf85857265058d6
  md5: e8681f534453af7afab4cd2bc1423eec
  constrains:
  - python 3.12.* *_cpython
  arch: x86_64
  platform: win
  license: BSD-3-Clause
  license_family: BSD
  size: 6730
  timestamp: 1723823139725
- conda: https://conda.anaconda.org/conda-forge/win-64/pywin32-307-py312h275cf98_3.conda
  sha256: 68f8781b83942b91dbc0df883f9edfd1a54a1e645ae2a97c48203ff6c2919de3
  md5: 1747fbbdece8ab4358b584698b19c44d
  depends:
  - python >=3.12,<3.13.0a0
  - python_abi 3.12.* *_cp312
  - ucrt >=10.0.20348.0
  - vc >=14.2,<15
  - vc14_runtime >=14.29.30139
  arch: x86_64
  platform: win
  license: PSF-2.0
  license_family: PSF
  size: 6032183
  timestamp: 1728636767192
- conda: https://conda.anaconda.org/conda-forge/win-64/pywin32-ctypes-0.2.3-py312h2e8e312_1.conda
  sha256: 3e3b97740b4ec2f54debf7bfdbaa9a81a7aabd4549051b926de91d05304c4948
  md5: c5f1cb65c56ec74687801960f8a31eb5
  depends:
  - python >=3.12,<3.13.0a0
  - python_abi 3.12.* *_cp312
  arch: x86_64
  platform: win
  license: BSD-3-Clause
  license_family: BSD
  size: 57449
  timestamp: 1727282288065
- conda: https://conda.anaconda.org/conda-forge/win-64/qt6-main-6.8.1-h1259614_2.conda
  sha256: 60575a22b0787f3fa4c542be1d1eec2317d38f622f4354911d01536c6e4343d8
  md5: 070e8c90ab39a63d9ee0d2155bc668b4
  depends:
  - double-conversion >=3.3.0,<3.4.0a0
  - harfbuzz >=10.1.0,<11.0a0
  - icu >=75.1,<76.0a0
  - krb5 >=1.21.3,<1.22.0a0
  - libclang13 >=19.1.6
  - libglib >=2.82.2,<3.0a0
  - libjpeg-turbo >=3.0.0,<4.0a0
  - libpng >=1.6.44,<1.7.0a0
  - libsqlite >=3.47.2,<4.0a0
  - libtiff >=4.7.0,<4.8.0a0
  - libwebp-base >=1.5.0,<2.0a0
  - libzlib >=1.3.1,<2.0a0
  - openssl >=3.4.0,<4.0a0
  - pcre2 >=10.44,<10.45.0a0
  - ucrt >=10.0.20348.0
  - vc >=14.2,<15
  - vc14_runtime >=14.29.30139
  - zstd >=1.5.6,<1.6.0a0
  constrains:
  - qt 6.8.1
  license: LGPL-3.0-only
  license_family: LGPL
  size: 92067478
  timestamp: 1735624829377
- conda: https://conda.anaconda.org/conda-forge/noarch/setuptools-75.8.0-pyhff2d567_0.conda
  sha256: e0778e4f276e9a81b51c56f51ec22a27b4d8fc955abc0be77ad09ca9bea06bb9
  md5: 8f28e299c11afdd79e0ec1e279dcdc52
  depends:
  - python >=3.9
  license: MIT
  license_family: MIT
  size: 775598
  timestamp: 1736512753595
- conda: https://conda.anaconda.org/conda-forge/win-64/tk-8.6.13-h5226925_1.conda
  sha256: 2c4e914f521ccb2718946645108c9bd3fc3216ba69aea20c2c3cedbd8db32bb1
  md5: fc048363eb8f03cd1737600a5d08aafe
  depends:
  - ucrt >=10.0.20348.0
  - vc >=14.2,<15
  - vc14_runtime >=14.29.30139
  license: TCL
  license_family: BSD
  size: 3503410
  timestamp: 1699202577803
- conda: https://conda.anaconda.org/conda-forge/noarch/tzdata-2025a-h78e105d_0.conda
  sha256: c4b1ae8a2931fe9b274c44af29c5475a85b37693999f8c792dad0f8c6734b1de
  md5: dbcace4706afdfb7eb891f7b37d07c04
  license: LicenseRef-Public-Domain
  size: 122921
  timestamp: 1737119101255
- conda: https://conda.anaconda.org/conda-forge/win-64/ucrt-10.0.22621.0-h57928b3_1.conda
  sha256: db8dead3dd30fb1a032737554ce91e2819b43496a0db09927edf01c32b577450
  md5: 6797b005cd0f439c4c5c9ac565783700
  constrains:
  - vs2015_runtime >=14.29.30037
  license: LicenseRef-MicrosoftWindowsSDK10
  size: 559710
  timestamp: 1728377334097
- conda: https://conda.anaconda.org/conda-forge/win-64/vc-14.3-h5fd82a7_24.conda
  sha256: 7ce178cf139ccea5079f9c353b3d8415d1d49b0a2f774662c355d3f89163d7b4
  md5: 00cf3a61562bd53bd5ea99e6888793d0
  depends:
  - vc14_runtime >=14.40.33810
  track_features:
  - vc14
  license: BSD-3-Clause
  license_family: BSD
  size: 17693
  timestamp: 1737627189024
- conda: https://conda.anaconda.org/conda-forge/win-64/vc14_runtime-14.42.34433-h6356254_24.conda
  sha256: abda97b8728cf6e3c37df8f1178adde7219bed38b96e392cb3be66336386d32e
  md5: 2441e010ee255e6a38bf16705a756e94
  depends:
  - ucrt >=10.0.20348.0
  constrains:
  - vs2015_runtime 14.42.34433.* *_24
  license: LicenseRef-MicrosoftVisualCpp2015-2022Runtime
  license_family: Proprietary
  size: 753531
  timestamp: 1737627061911
- conda: https://conda.anaconda.org/conda-forge/win-64/vs2015_runtime-14.42.34433-hfef2bbc_24.conda
  sha256: 09102e0bd283af65772c052d85028410b0c31989b3cd96c260485d28e270836e
  md5: 117fcc5b86c48f3b322b0722258c7259
  depends:
  - vc14_runtime >=14.42.34433
  license: BSD-3-Clause
  license_family: BSD
  size: 17669
  timestamp: 1737627066773
- conda: https://conda.anaconda.org/conda-forge/noarch/zipp-3.21.0-pyhd8ed1ab_1.conda
  sha256: 567c04f124525c97a096b65769834b7acb047db24b15a56888a322bf3966c3e1
  md5: 0c3cc595284c5e8f0f9900a9b228a332
  depends:
  - python >=3.9
  license: MIT
  license_family: MIT
  size: 21809
  timestamp: 1732827613585
- conda: https://conda.anaconda.org/conda-forge/win-64/zstd-1.5.6-h0ea2cb4_0.conda
  sha256: 768e30dc513568491818fb068ee867c57c514b553915536da09e5d10b4ebf3c3
  md5: 9a17230f95733c04dc40a2b1e5491d74
  depends:
  - libzlib >=1.2.13,<2.0.0a0
  - ucrt >=10.0.20348.0
  - vc >=14.2,<15
  - vc14_runtime >=14.29.30139
  license: BSD-3-Clause
  license_family: BSD
  size: 349143
  timestamp: 1714723445995
